
Microsoft Visual Studio Solution File, Format Version 11.00
# Visual Studio 2010
Project("{8BC9CEB8-8B4A-11D0-8D11-00A0C91BC942}") = "CSrc2Src", "CSrc2Src.vcxproj", "{019275C0-7BFE-42A7-A153-A6BD572EE299}"
EndProject
Global
	GlobalSection(SolutionConfigurationPlatforms) = preSolution
		Debug|Win32 = Debug|Win32
		Release|Win32 = Release|Win32
	EndGlobalSection
	GlobalSection(ProjectConfigurationPlatforms) = postSolution
		{019275C0-7BFE-42A7-A153-A6BD572EE299}.Debug|Win32.ActiveCfg = Debug|Win32
		{019275C0-7BFE-42A7-A153-A6BD572EE299}.Debug|Win32.Build.0 = Debug|Win32
		{019275C0-7BFE-42A7-A153-A6BD572EE299}.Release|Win32.ActiveCfg = Release|Win32
		{019275C0-7BFE-42A7-A153-A6BD572EE299}.Release|Win32.Build.0 = Release|Win32
	EndGlobalSection
	GlobalSection(SolutionProperties) = preSolution
		HideSolutionNode = FALSE
	EndGlobalSection
EndGlobal
